{
  "requires": true,
  "lockfileVersion": 1,
  "dependencies": {
    "@artsy/fresnel": {
      "version": "3.0.2",
      "resolved": "https://registry.npmjs.org/@artsy/fresnel/-/fresnel-3.0.2.tgz",
      "integrity": "sha512-nx4oIX5jgwdYXtPydkBK3ZGwJ9mCGxaV/CRn7DzLFeKxW9qQPj56H1OvtMEm43UGCshXnLEu2ID/B2ozioMLrQ=="
    }
  }
}
